Microsoft Visual Studio Solution File, Format Version 12.00
# Visual Studio Version 16
VisualStudioVersion = 16.0.0.0
MinimumVisualStudioVersion = 16.0.0.0
Project("{9A19103F-16F7-4668-BE54-9A1E7A4F7556}") = "BlazorWASM.Server", "Server\BlazorWASM.Server.csproj", "{C9BA1950-E5B1-4247-B6A6-10D9804566E3}"
EndProject
Project("{9A19103F-16F7-4668-BE54-9A1E7A4F7556}") = "BlazorWASM.Client", "Client\BlazorWASM.Client.csproj", "{8E236D2A-2016-4284-BB30-F1BDA5D3EF66}"
EndProject
Project("{9A19103F-16F7-4668-BE54-9A1E7A4F7556}") = "BlazorWASM.Shared", "Shared\BlazorWASM.Shared.csproj", "{50F71B01-0024-4141-B98E-1D40760AD96C}"
EndProject
Global
	GlobalSection(SolutionConfigurationPlatforms) = preSolution
		Debug|Any CPU = Debug|Any CPU
		Debug|x64 = Debug|x64
		Debug|x86 = Debug|x86
		Release|Any CPU = Release|Any CPU
		Release|x64 = Release|x64
		Release|x86 = Release|x86
	EndGlobalSection
	GlobalSection(ProjectConfigurationPlatforms) = postSolution
		{8E236D2A-2016-4284-BB30-F1BDA5D3EF66}.Debug|Any CPU.ActiveCfg = Debug|Any CPU
		{8E236D2A-2016-4284-BB30-F1BDA5D3EF66}.Debug|Any CPU.Build.0 = Debug|Any CPU
		{8E236D2A-2016-4284-BB30-F1BDA5D3EF66}.Debug|x64.ActiveCfg = Debug|Any CPU
		{8E236D2A-2016-4284-BB30-F1BDA5D3EF66}.Debug|x64.Build.0 = Debug|Any CPU
		{8E236D2A-2016-4284-BB30-F1BDA5D3EF66}.Debug|x86.ActiveCfg = Debug|Any CPU
		{8E236D2A-2016-4284-BB30-F1BDA5D3EF66}.Debug|x86.Build.0 = Debug|Any CPU
		{8E236D2A-2016-4284-BB30-F1BDA5D3EF66}.Release|Any CPU.ActiveCfg = Release|Any CPU
		{8E236D2A-2016-4284-BB30-F1BDA5D3EF66}.Release|Any CPU.Build.0 = Release|Any CPU
		{8E236D2A-2016-4284-BB30-F1BDA5D3EF66}.Release|x64.ActiveCfg = Release|Any CPU
		{8E236D2A-2016-4284-BB30-F1BDA5D3EF66}.Release|x64.Build.0 = Release|Any CPU
		{8E236D2A-2016-4284-BB30-F1BDA5D3EF66}.Release|x86.ActiveCfg = Release|Any CPU
		{8E236D2A-2016-4284-BB30-F1BDA5D3EF66}.Release|x86.Build.0 = Release|Any CPU
		{C9BA1950-E5B1-4247-B6A6-10D9804566E3}.Debug|Any CPU.ActiveCfg = Debug|Any CPU
		{C9BA1950-E5B1-4247-B6A6-10D9804566E3}.Debug|Any CPU.Build.0 = Debug|Any CPU
		{C9BA1950-E5B1-4247-B6A6-10D9804566E3}.Debug|x64.ActiveCfg = Debug|Any CPU
		{C9BA1950-E5B1-4247-B6A6-10D9804566E3}.Debug|x64.Build.0 = Debug|Any CPU
		{C9BA1950-E5B1-4247-B6A6-10D9804566E3}.Debug|x86.ActiveCfg = Debug|Any CPU
		{C9BA1950-E5B1-4247-B6A6-10D9804566E3}.Debug|x86.Build.0 = Debug|Any CPU
		{C9BA1950-E5B1-4247-B6A6-10D9804566E3}.Release|Any CPU.ActiveCfg = Release|Any CPU
		{C9BA1950-E5B1-4247-B6A6-10D9804566E3}.Release|Any CPU.Build.0 = Release|Any CPU
		{C9BA1950-E5B1-4247-B6A6-10D9804566E3}.Release|x64.ActiveCfg = Release|Any CPU
		{C9BA1950-E5B1-4247-B6A6-10D9804566E3}.Release|x64.Build.0 = Release|Any CPU
		{C9BA1950-E5B1-4247-B6A6-10D9804566E3}.Release|x86.ActiveCfg = Release|Any CPU
		{C9BA1950-E5B1-4247-B6A6-10D9804566E3}.Release|x86.Build.0 = Release|Any CPU
		{50F71B01-0024-4141-B98E-1D40760AD96C}.Debug|Any CPU.ActiveCfg = Debug|Any CPU
		{50F71B01-0024-4141-B98E-1D40760AD96C}.Debug|Any CPU.Build.0 = Debug|Any CPU
		{50F71B01-0024-4141-B98E-1D40760AD96C}.Debug|x64.ActiveCfg = Debug|Any CPU
		{50F71B01-0024-4141-B98E-1D40760AD96C}.Debug|x64.Build.0 = Debug|Any CPU
		{50F71B01-0024-4141-B98E-1D40760AD96C}.Debug|x86.ActiveCfg = Debug|Any CPU
		{50F71B01-0024-4141-B98E-1D40760AD96C}.Debug|x86.Build.0 = Debug|Any CPU
		{50F71B01-0024-4141-B98E-1D40760AD96C}.Release|Any CPU.ActiveCfg = Release|Any CPU
		{50F71B01-0024-4141-B98E-1D40760AD96C}.Release|Any CPU.Build.0 = Release|Any CPU
		{50F71B01-0024-4141-B98E-1D40760AD96C}.Release|x64.ActiveCfg = Release|Any CPU
		{50F71B01-0024-4141-B98E-1D40760AD96C}.Release|x64.Build.0 = Release|Any CPU
		{50F71B01-0024-4141-B98E-1D40760AD96C}.Release|x86.ActiveCfg = Release|Any CPU
		{50F71B01-0024-4141-B98E-1D40760AD96C}.Release|x86.Build.0 = Release|Any CPU
	EndGlobalSection
	GlobalSection(SolutionProperties) = preSolution
		HideSolutionNode = FALSE
	EndGlobalSection
	GlobalSection(ExtensibilityGlobals) = postSolution
		SolutionGuid = {9D40377F-D18B-4EAB-BE9A-E6260663BE09}
	EndGlobalSection
EndGlobal